
Microsoft Visual Studio Solution File, Format Version 12.00
# Visual Studio 2013
VisualStudioVersion = 12.0.21005.1
MinimumVisualStudioVersion = 10.0.40219.1
Project("{E24C65DC-7377-472B-9ABA-BC803B73C61A}") = "OnePointGPS(BETA)", "http://localhost:60331", "{40608570-6D67-4E6C-9F3D-134787C701B0}"
	ProjectSection(WebsiteProperties) = preProject
		UseIISExpress = "true"
		TargetFrameworkMoniker = ".NETFramework,Version%3Dv4.5"
		Debug.AspNetCompiler.VirtualPath = "/localhost_60331"
		Debug.AspNetCompiler.PhysicalPath = "..\..\WebSites\OnePointGPS(BETA)\"
		Debug.AspNetCompiler.TargetPath = "PrecompiledWeb\localhost_60331\"
		Debug.AspNetCompiler.Updateable = "true"
		Debug.AspNetCompiler.ForceOverwrite = "true"
		Debug.AspNetCompiler.FixedNames = "false"
		Debug.AspNetCompiler.Debug = "True"
		Release.AspNetCompiler.VirtualPath = "/localhost_60331"
		Release.AspNetCompiler.PhysicalPath = "..\..\WebSites\OnePointGPS(BETA)\"
		Release.AspNetCompiler.TargetPath = "PrecompiledWeb\localhost_60331\"
		Release.AspNetCompiler.Updateable = "true"
		Release.AspNetCompiler.ForceOverwrite = "true"
		Release.AspNetCompiler.FixedNames = "false"
		Release.AspNetCompiler.Debug = "False"
		SlnRelativePath = "..\..\WebSites\OnePointGPS(BETA)\"
		DefaultWebSiteLanguage = "Visual Basic"
	EndProjectSection
EndProject
Global
	GlobalSection(SolutionConfigurationPlatforms) = preSolution
		Debug|Any CPU = Debug|Any CPU
	EndGlobalSection
	GlobalSection(ProjectConfigurationPlatforms) = postSolution
		{40608570-6D67-4E6C-9F3D-134787C701B0}.Debug|Any CPU.ActiveCfg = Debug|Any CPU
		{40608570-6D67-4E6C-9F3D-134787C701B0}.Debug|Any CPU.Build.0 = Debug|Any CPU
	EndGlobalSection
	GlobalSection(SolutionProperties) = preSolution
		HideSolutionNode = FALSE
	EndGlobalSection
EndGlobal
